
Microsoft Visual Studio Solution File, Format Version 12.00
# Visual Studio Version 16
VisualStudioVersion = 16.0.30517.126
MinimumVisualStudioVersion = 10.0.40219.1
Project("{FAE04EC0-301F-11D3-BF4B-00C04F79EFBC}") = "Formatiranje", "Formatiranje.csproj", "{BFC37459-72B0-4467-87B8-CF9EA185AFB3}"
EndProject
Global
	GlobalSection(SolutionConfigurationPlatforms) = preSolution
		Debug|Any CPU = Debug|Any CPU
		Release|Any CPU = Release|Any CPU
	EndGlobalSection
	GlobalSection(ProjectConfigurationPlatforms) = postSolution
		{BFC37459-72B0-4467-87B8-CF9EA185AFB3}.Debug|Any CPU.ActiveCfg = Debug|Any CPU
		{BFC37459-72B0-4467-87B8-CF9EA185AFB3}.Debug|Any CPU.Build.0 = Debug|Any CPU
		{BFC37459-72B0-4467-87B8-CF9EA185AFB3}.Release|Any CPU.ActiveCfg = Release|Any CPU
		{BFC37459-72B0-4467-87B8-CF9EA185AFB3}.Release|Any CPU.Build.0 = Release|Any CPU
	EndGlobalSection
	GlobalSection(SolutionProperties) = preSolution
		HideSolutionNode = FALSE
	EndGlobalSection
	GlobalSection(ExtensibilityGlobals) = postSolution
		SolutionGuid = {22998BB6-D96D-4661-AF61-7E82EF461860}
	EndGlobalSection
EndGlobal
